{
  "version": 1,
  "dependencies": {
    "net10.0": {
      "Microsoft.AspNetCore.App.Internal.Assets": {
        "type": "Direct",
        "requested": "[10.0.12, )",
        "resolved": "10.0.12",
        "contentHash": "+sIBo9AMBZH46qHWHQdfzcGMt+RuBaPYrUMOAM9VjA7MQ9QtIez3lq1C3E05+Yroa94KKt3DSWaxmCI4H28a9Q=="
      },
      "Microsoft.AspNetCore.Diagnostics.EntityFrameworkCore": {
        "type": "Direct",
        "requested": "[10.0.12, )",
        "resolved": "10.0.12",
        "contentHash": "79VxE7IzhTmjytkUOSAdG9GiFmawFKEEv/6HFUGlZBRj4f4xmv3HGbdNb2Wk8dmLftsuUnHgN4CeuA1SpcS/SQ==",
        "dependencies": {
          "Microsoft.EntityFrameworkCore.Relational": "10.0.12"
        }
      },
      "Microsoft.EntityFrameworkCore.Design": {
        "type": "Direct",
        "requested": "[10.0.12, )",
        "resolved": "10.0.12",
        "contentHash": "I/IwEkUEUoa62UMJHh2+04oAs+gZz4QEunpZ3MGtAf12PZUcTduZLuGZEp3FAZ7wkmkSThZez41P8tgFj8QYKQ==",
        "dependencies": {
          "Humanizer.Core": "2.14.1",
          "Microsoft.Build.Framework": "18.0.2",
          "Microsoft.CodeAnalysis.CSharp": "5.0.0",
          "Microsoft.CodeAnalysis.CSharp.Workspaces": "5.0.0",
          "Microsoft.CodeAnalysis.Workspaces.MSBuild": "5.0.0",
          "Microsoft.EntityFrameworkCore.Relational": "10.0.12",
          "Microsoft.Extensions.DependencyModel": "10.0.12",
          "Mono.TextTemplating": "3.0.0",
          "Newtonsoft.Json": "13.0.4"
        }
      },
      "Microsoft.EntityFrameworkCore.Tools": {
        "type": "Direct",
        "requested": "[10.0.12, )",
        "resolved": "10.0.12",
        "contentHash": "WuU3838sw/6wAADnwhYRPpPlXaDriq7QmrP+x4L+3plXoWI+QMFWHGhYviDjGkwEZ0b2ybOxMUy86vrb0AL9QQ==",
        "dependencies": {
          "Microsoft.EntityFrameworkCore.Design": "10.0.12"
        }
      },
      "Microsoft.Extensions.Diagnostics.HealthChecks.EntityFrameworkCore": {
        "type": "Direct",
        "requested": "[10.0.12, )",
        "resolved": "10.0.12",
        "contentHash": "BMG8waDSju79jJGdnOPrFrpqUv9/A+Qbg43WLmqUwMgdN26ozOK5iLXVCdaXgX71TvwEGX3HWCAGy711vGAl2Q==",
        "dependencies": {
          "Microsoft.EntityFrameworkCore.Relational": "10.0.12"
        }
      },
      "MudBlazor": {
        "type": "Direct",
        "requested": "[8.*, )",
        "resolved": "8.15.0",
        "contentHash": "iOJEnQ6tYGQPfPJaUazyC8H6pcczgaMX7vhUzrJPpB0WqEXNozwMfSzoOe2/JZmVWJcUfYZgKBeBU2Z27XY7Sw=="
      },
      "Serilog.AspNetCore": {
        "type": "Direct",
        "requested": "[*, )",
        "resolved": "10.0.0",
        "contentHash": "a/cNa1mY4On1oJlfGG1wAvxjp5g7OEzk/Jf/nm7NF9cWoE7KlZw1GldrifUBWm9oKibHkR7Lg/l5jy3y7ACR8w==",
        "dependencies": {
          "Serilog": "4.3.0",
          "Serilog.Extensions.Hosting": "10.0.0",
          "Serilog.Formatting.Compact": "3.0.0",
          "Serilog.Settings.Configuration": "10.0.0",
          "Serilog.Sinks.Console": "6.1.1",
          "Serilog.Sinks.Debug": "3.0.0",
          "Serilog.Sinks.File": "7.0.0"
        }
      },
      "Serilog.Sinks.Seq": {
        "type": "Direct",
        "requested": "[*, )",
        "resolved": "9.1.0",
        "contentHash": "4Dam+H9AlYigRgvPmbEJmw7jgz2y2He1qmuopAWt/EnZJ2vlrcG5Nmh934LHq4lfKgF6cAau8NIFMCZrq1u2Hw==",
        "dependencies": {
          "Serilog": "4.3.1",
          "Serilog.Sinks.File": "7.0.0"
        }
      },
      "Dapper": {
        "type": "Transitive",
        "resolved": "2.0.123",
        "contentHash": "RDFF4rBLLmbpi6pwkY7q/M6UXHRJEOerplDGE5jwEkP/JGJnBauAClYavNKJPW1yOTWRPIyfj4is3EaJxQXILQ=="
      },
      "Dapper.AOT": {
        "type": "Transitive",
        "resolved": "1.0.48",
        "contentHash": "rsLM3yKr4g+YKKox9lhc8D+kz67P7Q9+xdyn1LmCsoYr1kYpJSm+Nt6slo5UrfUrcTiGJ57zUlyO8XUdV7G7iA=="
      },
      "EFCore.NamingConventions": {
        "type": "Transitive",
        "resolved": "10.0.1",
        "contentHash": "Xs5k8XfNKPkkQSkGmZkmDI1je0prLTdxse+s8PgTFZxyBrlrTLzTBUTVJtQKSsbvu4y+luAv8DdtO5SALJE++A==",
        "dependencies": {
          "Microsoft.EntityFrameworkCore": "[10.0.1, 11.0.0)",
          "Microsoft.EntityFrameworkCore.Relational": "[10.0.1, 11.0.0)"
        }
      },
      "FluentValidation": {
        "type": "Transitive",
        "resolved": "12.1.1",
        "contentHash": "EPpkIe1yh1a0OXyC100oOA8WMbZvqUu5plwhvYcb7oSELfyUZzfxV48BLhvs3kKo4NwG7MGLNgy1RJiYtT8Dpw=="
      },
      "FluentValidation.DependencyInjectionExtensions": {
        "type": "Transitive",
        "resolved": "12.1.1",
        "contentHash": "D0VXh4dtjjX2aQizuaa0g6R8X3U1JaVqJPfGCvLwZX9t/O2h7tkpbitbadQMfwcgSPdDbI2vDxuwRMv/Uf9dHA==",
        "dependencies": {
          "FluentValidation": "12.1.1"
        }
      },
      "Hangfire.AspNetCore": {
        "type": "Transitive",
        "resolved": "1.8.25",
        "contentHash": "IqklPyZDacfrCM6I9vpoTd9n14AvP5tepgR/IfKTUlPzGihLzey9jpL7PTKguJ3CPAA12qz3WCDUfIJ9IsCLQw==",
        "dependencies": {
          "Hangfire.NetCore": "[1.8.25]"
        }
      },
      "Hangfire.Core": {
        "type": "Transitive",
        "resolved": "1.8.25",
        "contentHash": "BxzXlHwXNrGPHJ7YfAVfeiXC+BHd6uPoyyfV+9bCJVPPGs4z0EQCW1X44Og/IUFM81ENCqAFP1r2rOkQhm4ydA==",
        "dependencies": {
          "Newtonsoft.Json": "11.0.1"
        }
      },
      "Hangfire.NetCore": {
        "type": "Transitive",
        "resolved": "1.8.25",
        "contentHash": "ZfI7gwr7n70r635VS9aKsWSzOodY6U0bSIG0jDrqd5ODRLKvc+e5aXXGCnWHWzjvagvlwtUcRGG/lD0/3C7chA==",
        "dependencies": {
          "Hangfire.Core": "[1.8.25]"
        }
      },
      "Hangfire.PostgreSql": {
        "type": "Transitive",
        "resolved": "1.21.1",
        "contentHash": "hFNZAxv+1p72/XCZdImnH6ovCzZ2DKAMTOI8CReT0P3yw/k0b0YJP2teA18agNH1ZYInPzhtxGk8hx5n2cxbbQ==",
        "dependencies": {
          "Dapper": "2.0.123",
          "Dapper.AOT": "1.0.48",
          "Hangfire.Core": "1.8.0",
          "Npgsql": "6.0.11"
        }
      },
      "Humanizer.Core": {
        "type": "Transitive",
        "resolved": "2.14.1",
        "contentHash": "lQKvtaTDOXnoVJ20ibTuSIOf2i0uO0MPbDhd1jm238I+U/2ZnRENj0cktKZhtchBMtCUSRQ5v4xBCUbKNmyVMw=="
      },
      "Microsoft.AspNetCore.Identity.EntityFrameworkCore": {
        "type": "Transitive",
        "resolved": "10.0.12",
        "contentHash": "7W/9vKC65y41W6JXwC6WSU++D43wY/ANhrm7tJdbm2lrbzNkYClja6uL3Cg69y+PJ1Q4nARb3eWs9PNMWCdYxQ==",
        "dependencies": {
          "Microsoft.EntityFrameworkCore.Relational": "10.0.12"
        }
      },
      "Microsoft.Build.Framework": {
        "type": "Transitive",
        "resolved": "18.0.2",
        "contentHash": "sOSb+0J4G/jCBW/YqmRuL0eOMXgfw1KQLdC9TkbvfA5xs7uNm+PBQXJCOzSJGXtZcZrtXozcwxPmUiRUbmd7FA=="
      },
      "Microsoft.CodeAnalysis.Analyzers": {
        "type": "Transitive",
        "resolved": "3.11.0",
        "contentHash": "v/EW3UE8/lbEYHoC2Qq7AR/DnmvpgdtAMndfQNmpuIMx/Mto8L5JnuCfdBYtgvalQOtfNCnxFejxuRrryvUTsg=="
      },
      "Microsoft.CodeAnalysis.Common": {
        "type": "Transitive",
        "resolved": "5.0.0",
        "contentHash": "ZXRAdvH6GiDeHRyd3q/km8Z44RoM6FBWHd+gen/la81mVnAdHTEsEkO5J0TCNXBymAcx5UYKt5TvgKBhaLJEow==",
        "dependencies": {
          "Microsoft.CodeAnalysis.Analyzers": "3.11.0"
        }
      },
      "Microsoft.CodeAnalysis.CSharp": {
        "type": "Transitive",
        "resolved": "5.0.0",
        "contentHash": "5DSyJ9bk+ATuDy7fp2Zt0mJStDVKbBoiz1DyfAwSa+k4H4IwykAUcV3URelw5b8/iVbfSaOwkwmPUZH6opZKCw==",
        "dependencies": {
          "Microsoft.CodeAnalysis.Analyzers": "3.11.0",
          "Microsoft.CodeAnalysis.Common": "[5.0.0]"
        }
      },
      "Microsoft.CodeAnalysis.CSharp.Workspaces": {
        "type": "Transitive",
        "resolved": "5.0.0",
        "contentHash": "Al/Q8B+yO8odSqGVpSvrShMFDvlQdIBU//F3E6Rb0YdiLSALE9wh/pvozPNnfmh5HDnvU+mkmSjpz4hQO++jaA==",
        "dependencies": {
          "Humanizer.Core": "2.14.1",
          "Microsoft.CodeAnalysis.Analyzers": "3.11.0",
          "Microsoft.CodeAnalysis.CSharp": "[5.0.0]",
          "Microsoft.CodeAnalysis.Common": "[5.0.0]",
          "Microsoft.CodeAnalysis.Workspaces.Common": "[5.0.0]",
          "System.Composition": "9.0.0"
        }
      },
      "Microsoft.CodeAnalysis.Workspaces.Common": {
        "type": "Transitive",
        "resolved": "5.0.0",
        "contentHash": "ZbUmIvT6lqTNKiv06Jl5wf0MTMi1vQ1oH7ou4CLcs2C/no/L7EhP3T8y3XXvn9VbqMcJaJnEsNA1jwYUMgc5jg==",
        "dependencies": {
          "Humanizer.Core": "2.14.1",
          "Microsoft.CodeAnalysis.Analyzers": "3.11.0",
          "Microsoft.CodeAnalysis.Common": "[5.0.0]",
          "System.Composition": "9.0.0"
        }
      },
      "Microsoft.CodeAnalysis.Workspaces.MSBuild": {
        "type": "Transitive",
        "resolved": "5.0.0",
        "contentHash": "/G+LVoAGMz6Ae8nm+PGLxSw+F5RjYx/J7irbTO5uKAPw1bxHyQJLc/YOnpDxt+EpPtYxvC9wvBsg/kETZp1F9Q==",
        "dependencies": {
          "Humanizer.Core": "2.14.1",
          "Microsoft.Build.Framework": "17.11.31",
          "Microsoft.CodeAnalysis.Analyzers": "3.11.0",
          "Microsoft.CodeAnalysis.Workspaces.Common": "[5.0.0]",
          "Microsoft.VisualStudio.SolutionPersistence": "1.0.52",
          "Newtonsoft.Json": "13.0.3",
          "System.Composition": "9.0.0"
        }
      },
      "Microsoft.EntityFrameworkCore": {
        "type": "Transitive",
        "resolved": "10.0.12",
        "contentHash": "e7OrVN8U5yr4kuwdTHWBHGVQIVsGfMkAr0Ej1/BnrS989Q0XBVANpIzNZ2bc1GvMZ0/XwMt5InTnmKskxGy99Q==",
        "dependencies": {
          "Microsoft.EntityFrameworkCore.Abstractions": "10.0.12",
          "Microsoft.EntityFrameworkCore.Analyzers": "10.0.12"
        }
      },
      "Microsoft.EntityFrameworkCore.Abstractions": {
        "type": "Transitive",
        "resolved": "10.0.12",
        "contentHash": "kDrux7T6C3V/YYYe2LXr7x6AEsVyq5Y2YoTE9er1SwbDtap3z1g8RgxNh5eKQVyB4T+DKvBBJ4Ezd/VZzJQJZg=="
      },
      "Microsoft.EntityFrameworkCore.Analyzers": {
        "type": "Transitive",
        "resolved": "10.0.12",
        "contentHash": "Kd4o2oO1A6dfKxjz5LS16QyLtpCFTUiFWwmBABETAXRsSImBdRdWeKjSgbbRhAMiV3a3/nWr95ZtzClT4uaADQ=="
      },
      "Microsoft.EntityFrameworkCore.Relational": {
        "type": "Transitive",
        "resolved": "10.0.12",
        "contentHash": "OiHmr8XzX96dbgMsYGe8qoqg4KxibdZG2r0QUVJBGktFInOp8IrABe8jvcbo5hrqeWfbwpK7fCEBiEPbY/ik4A==",
        "dependencies": {
          "Microsoft.EntityFrameworkCore": "10.0.12"
        }
      },
      "Microsoft.Extensions.DependencyModel": {
        "type": "Transitive",
        "resolved": "10.0.12",
        "contentHash": "rDPQVTxh/zMTDF7wHlRqL/jjZbwjAP6315ydBxj51pZW7qkAwGwjoSiMutxYI91xmOE3ZXjAGHbYRqzyJV7Urw=="
      },
      "Microsoft.VisualStudio.SolutionPersistence": {
        "type": "Transitive",
        "resolved": "1.0.52",
        "contentHash": "oNv2JtYXhpdJrX63nibx1JT3uCESOBQ1LAk7Dtz/sr0+laW0KRM6eKp4CZ3MHDR2siIkKsY8MmUkeP5DKkQQ5w=="
      },
      "Mono.TextTemplating": {
        "type": "Transitive",
        "resolved": "3.0.0",
        "contentHash": "YqueG52R/Xej4VVbKuRIodjiAhV0HR/XVbLbNrJhCZnzjnSjgMJ/dCdV0akQQxavX6hp/LC6rqLGLcXeQYU7XA==",
        "dependencies": {
          "System.CodeDom": "6.0.0"
        }
      },
      "Newtonsoft.Json": {
        "type": "Transitive",
        "resolved": "13.0.4",
        "contentHash": "pdgNNMai3zv51W5aq268sujXUyx7SNdE2bj1wZcWjAQrKMFZV260lbqYop1d2GM67JI1huLRwxo9ZqnfF/lC6A=="
      },
      "Npgsql": {
        "type": "Transitive",
        "resolved": "10.0.3",
        "contentHash": "7nb5YzXuvWWJxB0J8DiyL3we+X4FOctZrt0fIBnucOIaIevFEEwGQVZKtiu9olXdlNAK1eNgqSral6r/jlhI4w=="
      },
      "Npgsql.EntityFrameworkCore.PostgreSQL": {
        "type": "Transitive",
        "resolved": "10.0.3",
        "contentHash": "IPGrrZnRkuW7OlHDhUESZz4G5DLkW7Nej/O3Cx+0iTsgyU5XJxBgpsvTHLloo3WWuAKKbDHXBvWPVkX1deRh1Q==",
        "dependencies": {
          "Microsoft.EntityFrameworkCore": "[10.0.4, 11.0.0)",
          "Microsoft.EntityFrameworkCore.Relational": "[10.0.4, 11.0.0)",
          "Npgsql": "10.0.3"
        }
      },
      "QuestPDF": {
        "type": "Transitive",
        "resolved": "2026.9.1",
        "contentHash": "i2BT/v+Ui6Hg9+BZbOci/VfsyvmtY8nlQqAOmFt8iOZ4Hm9aKZZRgZZ+LfrKWYXAHRb3l1EjDcMVfjRaZTt+Cw=="
      },
      "Serilog": {
        "type": "Transitive",
        "resolved": "4.3.1",
        "contentHash": "savYe7h5yRlkqBVOwP8cIRDOdqKiPmYCU4W87JH38sBmcKD5EBoXvQIw6bNEvZ/pTe1gsiye3VFCzBsoppGkXQ=="
      },
      "Serilog.Extensions.Hosting": {
        "type": "Transitive",
        "resolved": "10.0.0",
        "contentHash": "E7juuIc+gzoGxgzFooFgAV8g9BfiSXNKsUok9NmEpyAXg2odkcPsMa/Yo4axkJRlh0se7mkYQ1GXDaBemR+b6w==",
        "dependencies": {
          "Serilog": "4.3.0",
          "Serilog.Extensions.Logging": "10.0.0"
        }
      },
      "Serilog.Extensions.Logging": {
        "type": "Transitive",
        "resolved": "10.0.0",
        "contentHash": "vx0kABKl2dWbBhhqAfTOk53/i8aV/5VaT3a6il9gn72Wqs2pM7EK2OB6No6xdqK2IaY6Zf9gdjLuK9BVa2rT+Q==",
        "dependencies": {
          "Serilog": "4.2.0"
        }
      },
      "Serilog.Formatting.Compact": {
        "type": "Transitive",
        "resolved": "3.0.0",
        "contentHash": "wQsv14w9cqlfB5FX2MZpNsTawckN4a8dryuNGbebB/3Nh1pXnROHZov3swtu3Nj5oNG7Ba+xdu7Et/ulAUPanQ==",
        "dependencies": {
          "Serilog": "4.0.0"
        }
      },
      "Serilog.Settings.Configuration": {
        "type": "Transitive",
        "resolved": "10.0.0",
        "contentHash": "LNq+ibS1sbhTqPV1FIE69/9AJJbfaOhnaqkzcjFy95o+4U+STsta9mi97f1smgXsWYKICDeGUf8xUGzd/52/uA==",
        "dependencies": {
          "Microsoft.Extensions.DependencyModel": "10.0.0",
          "Serilog": "4.3.0"
        }
      },
      "Serilog.Sinks.Console": {
        "type": "Transitive",
        "resolved": "6.1.1",
        "contentHash": "8jbqgjUyZlfCuSTaJk6lOca465OndqOz3KZP6Cryt/IqZYybyBu7GP0fE/AXBzrrQB3EBmQntBFAvMVz1COvAA==",
        "dependencies": {
          "Serilog": "4.0.0"
        }
      },
      "Serilog.Sinks.Debug": {
        "type": "Transitive",
        "resolved": "3.0.0",
        "contentHash": "4BzXcdrgRX7wde9PmHuYd9U6YqycCC28hhpKonK7hx0wb19eiuRj16fPcPSVp0o/Y1ipJuNLYQ00R3q2Zs8FDA==",
        "dependencies": {
          "Serilog": "4.0.0"
        }
      },
      "Serilog.Sinks.File": {
        "type": "Transitive",
        "resolved": "7.0.0",
        "contentHash": "fKL7mXv7qaiNBUC71ssvn/dU0k9t0o45+qm2XgKAlSt19xF+ijjxyA3R6HmCgfKEKwfcfkwWjayuQtRueZFkYw==",
        "dependencies": {
          "Serilog": "4.2.0"
        }
      },
      "SetNet": {
        "type": "Transitive",
        "resolved": "1.2.0",
        "contentHash": "0A/8nO0rnxPLc3hBn1lw+fAzwrSZVTH5inVpiKpHQ9Itp3jM8WPbnPmekNy0dCok6SgfEfyzyy7zyjsSEmcXtQ=="
      },
      "SetNet.Persistence": {
        "type": "Transitive",
        "resolved": "1.2.0",
        "contentHash": "I1MsZQAKfrhK4TVrNPFiu/o/oLP4pNWzpZappVq+HW1eRynHq1PM0fPR0SPheJtbBYh++Ww+WBkJ6+ptFvtn0Q==",
        "dependencies": {
          "SetNet": "1.2.0"
        }
      },
      "SetNet.Persistence.EfCore": {
        "type": "Transitive",
        "resolved": "1.2.0",
        "contentHash": "mspyr4V+xDUO0QYp0gaPGDMGwCmcOiUESfZp2AtH2gprW10sAsm7QuO0y+ALe/HQY8ziw/E4BebWuCIN+ZkyWA==",
        "dependencies": {
          "Microsoft.EntityFrameworkCore.Relational": "8.0.8",
          "SetNet.Persistence": "1.2.0"
        }
      },
      "System.CodeDom": {
        "type": "Transitive",
        "resolved": "6.0.0",
        "contentHash": "CPc6tWO1LAer3IzfZufDBRL+UZQcj5uS207NHALQzP84Vp/z6wF0Aa0YZImOQY8iStY0A2zI/e3ihKNPfUm8XA=="
      },
      "System.Composition": {
        "type": "Transitive",
        "resolved": "9.0.0",
        "contentHash": "3Djj70fFTraOarSKmRnmRy/zm4YurICm+kiCtI0dYRqGJnLX6nJ+G3WYuFJ173cAPax/gh96REcbNiVqcrypFQ==",
        "dependencies": {
          "System.Composition.AttributedModel": "9.0.0",
          "System.Composition.Convention": "9.0.0",
          "System.Composition.Hosting": "9.0.0",
          "System.Composition.Runtime": "9.0.0",
          "System.Composition.TypedParts": "9.0.0"
        }
      },
      "System.Composition.AttributedModel": {
        "type": "Transitive",
        "resolved": "9.0.0",
        "contentHash": "iri00l/zIX9g4lHMY+Nz0qV1n40+jFYAmgsaiNn16xvt2RDwlqByNG4wgblagnDYxm3YSQQ0jLlC/7Xlk9CzyA=="
      },
      "System.Composition.Convention": {
        "type": "Transitive",
        "resolved": "9.0.0",
        "contentHash": "+vuqVP6xpi582XIjJi6OCsIxuoTZfR0M7WWufk3uGDeCl3wGW6KnpylUJ3iiXdPByPE0vR5TjJgR6hDLez4FQg==",
        "dependencies": {
          "System.Composition.AttributedModel": "9.0.0"
        }
      },
      "System.Composition.Hosting": {
        "type": "Transitive",
        "resolved": "9.0.0",
        "contentHash": "OFqSeFeJYr7kHxDfaViGM1ymk7d4JxK//VSoNF9Ux0gpqkLsauDZpu89kTHHNdCWfSljbFcvAafGyBoY094btQ==",
        "dependencies": {
          "System.Composition.Runtime": "9.0.0"
        }
      },
      "System.Composition.Runtime": {
        "type": "Transitive",
        "resolved": "9.0.0",
        "contentHash": "w1HOlQY1zsOWYussjFGZCEYF2UZXgvoYnS94NIu2CBnAGMbXFAX8PY8c92KwUItPmowal68jnVLBCzdrWLeEKA=="
      },
      "System.Composition.TypedParts": {
        "type": "Transitive",
        "resolved": "9.0.0",
        "contentHash": "aRZlojCCGEHDKqh43jaDgaVpYETsgd7Nx4g1zwLKMtv4iTo0627715ajEFNpEEBTgLmvZuv8K0EVxc3sM4NWJA==",
        "dependencies": {
          "System.Composition.AttributedModel": "9.0.0",
          "System.Composition.Hosting": "9.0.0",
          "System.Composition.Runtime": "9.0.0"
        }
      },
      "institutehub.application": {
        "type": "Project",
        "dependencies": {
          "FluentValidation": "[12.*, )",
          "FluentValidation.DependencyInjectionExtensions": "[12.*, )",
          "InstituteHub.Domain": "[1.0.0, )",
          "Microsoft.EntityFrameworkCore": "[10.0.12, )",
          "SetNet.Persistence.EfCore": "[1.2.0, )"
        }
      },
      "institutehub.domain": {
        "type": "Project"
      },
      "institutehub.infrastructure": {
        "type": "Project",
        "dependencies": {
          "EFCore.NamingConventions": "[10.*, )",
          "Hangfire.AspNetCore": "[1.8.*, )",
          "Hangfire.PostgreSql": "[1.*, )",
          "InstituteHub.Application": "[1.0.0, )",
          "Microsoft.AspNetCore.Identity.EntityFrameworkCore": "[10.0.12, )",
          "Npgsql.EntityFrameworkCore.PostgreSQL": "[10.*, )",
          "QuestPDF": "[*, )"
        }
      }
    }
  }
}